Microsoft Visual Studio Solution File, Format Version 12.00
# Visual Studio 16
Project("{2150E333-8FDC-42A3-9474-1A3956D46DE8}") = "CMakePredefinedTargets", "CMakePredefinedTargets", "{ECA7D100-8733-3839-8571-9F5F4083BE4E}"
EndProject
Project("{2150E333-8FDC-42A3-9474-1A3956D46DE8}") = "External", "External", "{A223723D-669C-30F1-8993-F47C422083EF}"
EndProject
Project("{2150E333-8FDC-42A3-9474-1A3956D46DE8}") = "Internal", "Internal", "{563B3F38-9CBD-33DF-9920-7AB9175188CA}"
EndProject
Project("{2150E333-8FDC-42A3-9474-1A3956D46DE8}") = "Utils", "Utils", "{A9067E4D-8EB6-35BF-A74F-69802C08B2E8}"
EndProject
Project("{8BC9CEB8-8B4A-11D0-8D11-00A0C91BC942}") = "ALL_BUILD", "ALL_BUILD.vcxproj", "{F7AAD879-1FAF-3BE3-8D5F-0D9CCEB9E6D0}"
	ProjectSection(ProjectDependencies) = postProject
		{48136C39-B1EC-3A39-A9C6-DC7FC7D7D3AC} = {48136C39-B1EC-3A39-A9C6-DC7FC7D7D3AC}
		{20AC6F31-0477-3605-9AA6-B7A60CD82276} = {20AC6F31-0477-3605-9AA6-B7A60CD82276}
		{6EDF6F12-5E7D-37AA-B849-24E9BD0C1D76} = {6EDF6F12-5E7D-37AA-B849-24E9BD0C1D76}
		{5BDBE3BF-FA27-3880-A858-C5F0F9A57DBF} = {5BDBE3BF-FA27-3880-A858-C5F0F9A57DBF}
		{158E1CE7-EF82-3F0B-AAD4-43A8390B6D52} = {158E1CE7-EF82-3F0B-AAD4-43A8390B6D52}
		{88335373-8485-3767-A248-2B97F0508DE6} = {88335373-8485-3767-A248-2B97F0508DE6}
		{0FC20DD3-585C-3E09-B636-87D22875D6D1} = {0FC20DD3-585C-3E09-B636-87D22875D6D1}
		{53997478-E9DD-39FE-AD95-099EBC36FF98} = {53997478-E9DD-39FE-AD95-099EBC36FF98}
		{FB6A5BF1-D775-3527-851A-B9B52512A1FD} = {FB6A5BF1-D775-3527-851A-B9B52512A1FD}
		{3E4D9290-D0EF-334C-A95D-9719BFA44E4E} = {3E4D9290-D0EF-334C-A95D-9719BFA44E4E}
		{1EBD97C4-6034-3A15-92D1-DB762357C97F} = {1EBD97C4-6034-3A15-92D1-DB762357C97F}
		{59B21525-8CAE-367C-A782-2B3A13DBCACE} = {59B21525-8CAE-367C-A782-2B3A13DBCACE}
		{0D6B214B-EE68-3C73-898D-9F2CE33E63FB} = {0D6B214B-EE68-3C73-898D-9F2CE33E63FB}
		{EE449AD9-D1D8-3ADA-9928-CF5603EA111F} = {EE449AD9-D1D8-3ADA-9928-CF5603EA111F}
		{88666468-6AE3-3CFE-A4B4-19887BAB00F9} = {88666468-6AE3-3CFE-A4B4-19887BAB00F9}
	EndProjectSection
EndProject
Project("{8BC9CEB8-8B4A-11D0-8D11-00A0C91BC942}") = "SYNC_RESOURCE-cocos2dx4_tsumu", "SYNC_RESOURCE-cocos2dx4_tsumu.vcxproj", "{48136C39-B1EC-3A39-A9C6-DC7FC7D7D3AC}"
	ProjectSection(ProjectDependencies) = postProject
		{20AC6F31-0477-3605-9AA6-B7A60CD82276} = {20AC6F31-0477-3605-9AA6-B7A60CD82276}
	EndProjectSection
EndProject
Project("{8BC9CEB8-8B4A-11D0-8D11-00A0C91BC942}") = "ZERO_CHECK", "ZERO_CHECK.vcxproj", "{20AC6F31-0477-3605-9AA6-B7A60CD82276}"
	ProjectSection(ProjectDependencies) = postProject
	EndProjectSection
EndProject
Project("{8BC9CEB8-8B4A-11D0-8D11-00A0C91BC942}") = "cocos2d", "engine\cocos\core\cocos2d.vcxproj", "{6EDF6F12-5E7D-37AA-B849-24E9BD0C1D76}"
	ProjectSection(ProjectDependencies) = postProject
		{20AC6F31-0477-3605-9AA6-B7A60CD82276} = {20AC6F31-0477-3605-9AA6-B7A60CD82276}
		{158E1CE7-EF82-3F0B-AAD4-43A8390B6D52} = {158E1CE7-EF82-3F0B-AAD4-43A8390B6D52}
		{88335373-8485-3767-A248-2B97F0508DE6} = {88335373-8485-3767-A248-2B97F0508DE6}
		{0FC20DD3-585C-3E09-B636-87D22875D6D1} = {0FC20DD3-585C-3E09-B636-87D22875D6D1}
		{53997478-E9DD-39FE-AD95-099EBC36FF98} = {53997478-E9DD-39FE-AD95-099EBC36FF98}
		{FB6A5BF1-D775-3527-851A-B9B52512A1FD} = {FB6A5BF1-D775-3527-851A-B9B52512A1FD}
		{3E4D9290-D0EF-334C-A95D-9719BFA44E4E} = {3E4D9290-D0EF-334C-A95D-9719BFA44E4E}
		{1EBD97C4-6034-3A15-92D1-DB762357C97F} = {1EBD97C4-6034-3A15-92D1-DB762357C97F}
		{59B21525-8CAE-367C-A782-2B3A13DBCACE} = {59B21525-8CAE-367C-A782-2B3A13DBCACE}
		{0D6B214B-EE68-3C73-898D-9F2CE33E63FB} = {0D6B214B-EE68-3C73-898D-9F2CE33E63FB}
		{EE449AD9-D1D8-3ADA-9928-CF5603EA111F} = {EE449AD9-D1D8-3ADA-9928-CF5603EA111F}
		{88666468-6AE3-3CFE-A4B4-19887BAB00F9} = {88666468-6AE3-3CFE-A4B4-19887BAB00F9}
	EndProjectSection
EndProject
Project("{8BC9CEB8-8B4A-11D0-8D11-00A0C91BC942}") = "cocos2dx4_tsumu", "cocos2dx4_tsumu.vcxproj", "{5BDBE3BF-FA27-3880-A858-C5F0F9A57DBF}"
	ProjectSection(ProjectDependencies) = postProject
		{48136C39-B1EC-3A39-A9C6-DC7FC7D7D3AC} = {48136C39-B1EC-3A39-A9C6-DC7FC7D7D3AC}
		{20AC6F31-0477-3605-9AA6-B7A60CD82276} = {20AC6F31-0477-3605-9AA6-B7A60CD82276}
		{6EDF6F12-5E7D-37AA-B849-24E9BD0C1D76} = {6EDF6F12-5E7D-37AA-B849-24E9BD0C1D76}
		{158E1CE7-EF82-3F0B-AAD4-43A8390B6D52} = {158E1CE7-EF82-3F0B-AAD4-43A8390B6D52}
		{88335373-8485-3767-A248-2B97F0508DE6} = {88335373-8485-3767-A248-2B97F0508DE6}
		{0FC20DD3-585C-3E09-B636-87D22875D6D1} = {0FC20DD3-585C-3E09-B636-87D22875D6D1}
		{53997478-E9DD-39FE-AD95-099EBC36FF98} = {53997478-E9DD-39FE-AD95-099EBC36FF98}
		{FB6A5BF1-D775-3527-851A-B9B52512A1FD} = {FB6A5BF1-D775-3527-851A-B9B52512A1FD}
		{3E4D9290-D0EF-334C-A95D-9719BFA44E4E} = {3E4D9290-D0EF-334C-A95D-9719BFA44E4E}
		{1EBD97C4-6034-3A15-92D1-DB762357C97F} = {1EBD97C4-6034-3A15-92D1-DB762357C97F}
		{59B21525-8CAE-367C-A782-2B3A13DBCACE} = {59B21525-8CAE-367C-A782-2B3A13DBCACE}
		{0D6B214B-EE68-3C73-898D-9F2CE33E63FB} = {0D6B214B-EE68-3C73-898D-9F2CE33E63FB}
		{EE449AD9-D1D8-3ADA-9928-CF5603EA111F} = {EE449AD9-D1D8-3ADA-9928-CF5603EA111F}
		{88666468-6AE3-3CFE-A4B4-19887BAB00F9} = {88666468-6AE3-3CFE-A4B4-19887BAB00F9}
	EndProjectSection
EndProject
Project("{8BC9CEB8-8B4A-11D0-8D11-00A0C91BC942}") = "ext_clipper", "engine\external\clipper\ext_clipper.vcxproj", "{158E1CE7-EF82-3F0B-AAD4-43A8390B6D52}"
	ProjectSection(ProjectDependencies) = postProject
		{20AC6F31-0477-3605-9AA6-B7A60CD82276} = {20AC6F31-0477-3605-9AA6-B7A60CD82276}
	EndProjectSection
EndProject
Project("{8BC9CEB8-8B4A-11D0-8D11-00A0C91BC942}") = "ext_convertUTF", "engine\external\ConvertUTF\ext_convertUTF.vcxproj", "{88335373-8485-3767-A248-2B97F0508DE6}"
	ProjectSection(ProjectDependencies) = postProject
		{20AC6F31-0477-3605-9AA6-B7A60CD82276} = {20AC6F31-0477-3605-9AA6-B7A60CD82276}
	EndProjectSection
EndProject
Project("{8BC9CEB8-8B4A-11D0-8D11-00A0C91BC942}") = "ext_edtaa3func", "engine\external\edtaa3func\ext_edtaa3func.vcxproj", "{0FC20DD3-585C-3E09-B636-87D22875D6D1}"
	ProjectSection(ProjectDependencies) = postProject
		{20AC6F31-0477-3605-9AA6-B7A60CD82276} = {20AC6F31-0477-3605-9AA6-B7A60CD82276}
	EndProjectSection
EndProject
Project("{8BC9CEB8-8B4A-11D0-8D11-00A0C91BC942}") = "ext_md5", "engine\external\md5\ext_md5.vcxproj", "{53997478-E9DD-39FE-AD95-099EBC36FF98}"
	ProjectSection(ProjectDependencies) = postProject
		{20AC6F31-0477-3605-9AA6-B7A60CD82276} = {20AC6F31-0477-3605-9AA6-B7A60CD82276}
	EndProjectSection
EndProject
Project("{8BC9CEB8-8B4A-11D0-8D11-00A0C91BC942}") = "ext_poly2tri", "engine\external\poly2tri\ext_poly2tri.vcxproj", "{FB6A5BF1-D775-3527-851A-B9B52512A1FD}"
	ProjectSection(ProjectDependencies) = postProject
		{20AC6F31-0477-3605-9AA6-B7A60CD82276} = {20AC6F31-0477-3605-9AA6-B7A60CD82276}
	EndProjectSection
EndProject
Project("{8BC9CEB8-8B4A-11D0-8D11-00A0C91BC942}") = "ext_recast", "engine\external\recast\ext_recast.vcxproj", "{3E4D9290-D0EF-334C-A95D-9719BFA44E4E}"
	ProjectSection(ProjectDependencies) = postProject
		{20AC6F31-0477-3605-9AA6-B7A60CD82276} = {20AC6F31-0477-3605-9AA6-B7A60CD82276}
	EndProjectSection
EndProject
Project("{8BC9CEB8-8B4A-11D0-8D11-00A0C91BC942}") = "ext_tinyxml2", "engine\external\tinyxml2\ext_tinyxml2.vcxproj", "{1EBD97C4-6034-3A15-92D1-DB762357C97F}"
	ProjectSection(ProjectDependencies) = postProject
		{20AC6F31-0477-3605-9AA6-B7A60CD82276} = {20AC6F31-0477-3605-9AA6-B7A60CD82276}
	EndProjectSection
EndProject
Project("{8BC9CEB8-8B4A-11D0-8D11-00A0C91BC942}") = "ext_unzip", "engine\external\unzip\ext_unzip.vcxproj", "{59B21525-8CAE-367C-A782-2B3A13DBCACE}"
	ProjectSection(ProjectDependencies) = postProject
		{20AC6F31-0477-3605-9AA6-B7A60CD82276} = {20AC6F31-0477-3605-9AA6-B7A60CD82276}
	EndProjectSection
EndProject
Project("{8BC9CEB8-8B4A-11D0-8D11-00A0C91BC942}") = "ext_xxhash", "engine\external\xxhash\ext_xxhash.vcxproj", "{0D6B214B-EE68-3C73-898D-9F2CE33E63FB}"
	ProjectSection(ProjectDependencies) = postProject
		{20AC6F31-0477-3605-9AA6-B7A60CD82276} = {20AC6F31-0477-3605-9AA6-B7A60CD82276}
	EndProjectSection
EndProject
Project("{8BC9CEB8-8B4A-11D0-8D11-00A0C91BC942}") = "ext_xxtea", "engine\external\xxtea\ext_xxtea.vcxproj", "{EE449AD9-D1D8-3ADA-9928-CF5603EA111F}"
	ProjectSection(ProjectDependencies) = postProject
		{20AC6F31-0477-3605-9AA6-B7A60CD82276} = {20AC6F31-0477-3605-9AA6-B7A60CD82276}
	EndProjectSection
EndProject
Project("{8BC9CEB8-8B4A-11D0-8D11-00A0C91BC942}") = "external", "engine\external\external.vcxproj", "{88666468-6AE3-3CFE-A4B4-19887BAB00F9}"
	ProjectSection(ProjectDependencies) = postProject
		{20AC6F31-0477-3605-9AA6-B7A60CD82276} = {20AC6F31-0477-3605-9AA6-B7A60CD82276}
		{158E1CE7-EF82-3F0B-AAD4-43A8390B6D52} = {158E1CE7-EF82-3F0B-AAD4-43A8390B6D52}
		{88335373-8485-3767-A248-2B97F0508DE6} = {88335373-8485-3767-A248-2B97F0508DE6}
		{0FC20DD3-585C-3E09-B636-87D22875D6D1} = {0FC20DD3-585C-3E09-B636-87D22875D6D1}
		{53997478-E9DD-39FE-AD95-099EBC36FF98} = {53997478-E9DD-39FE-AD95-099EBC36FF98}
		{FB6A5BF1-D775-3527-851A-B9B52512A1FD} = {FB6A5BF1-D775-3527-851A-B9B52512A1FD}
		{3E4D9290-D0EF-334C-A95D-9719BFA44E4E} = {3E4D9290-D0EF-334C-A95D-9719BFA44E4E}
		{1EBD97C4-6034-3A15-92D1-DB762357C97F} = {1EBD97C4-6034-3A15-92D1-DB762357C97F}
		{59B21525-8CAE-367C-A782-2B3A13DBCACE} = {59B21525-8CAE-367C-A782-2B3A13DBCACE}
		{0D6B214B-EE68-3C73-898D-9F2CE33E63FB} = {0D6B214B-EE68-3C73-898D-9F2CE33E63FB}
		{EE449AD9-D1D8-3ADA-9928-CF5603EA111F} = {EE449AD9-D1D8-3ADA-9928-CF5603EA111F}
	EndProjectSection
EndProject
Global
	GlobalSection(SolutionConfigurationPlatforms) = preSolution
		Debug|Win32 = Debug|Win32
		Release|Win32 = Release|Win32
		MinSizeRel|Win32 = MinSizeRel|Win32
		RelWithDebInfo|Win32 = RelWithDebInfo|Win32
	EndGlobalSection
	GlobalSection(ProjectConfigurationPlatforms) = postSolution
		{F7AAD879-1FAF-3BE3-8D5F-0D9CCEB9E6D0}.Debug|Win32.ActiveCfg = Debug|Win32
		{F7AAD879-1FAF-3BE3-8D5F-0D9CCEB9E6D0}.Release|Win32.ActiveCfg = Release|Win32
		{F7AAD879-1FAF-3BE3-8D5F-0D9CCEB9E6D0}.MinSizeRel|Win32.ActiveCfg = MinSizeRel|Win32
		{F7AAD879-1FAF-3BE3-8D5F-0D9CCEB9E6D0}.RelWithDebInfo|Win32.ActiveCfg = RelWithDebInfo|Win32
		{48136C39-B1EC-3A39-A9C6-DC7FC7D7D3AC}.Debug|Win32.ActiveCfg = Debug|Win32
		{48136C39-B1EC-3A39-A9C6-DC7FC7D7D3AC}.Debug|Win32.Build.0 = Debug|Win32
		{48136C39-B1EC-3A39-A9C6-DC7FC7D7D3AC}.Release|Win32.ActiveCfg = Release|Win32
		{48136C39-B1EC-3A39-A9C6-DC7FC7D7D3AC}.Release|Win32.Build.0 = Release|Win32
		{48136C39-B1EC-3A39-A9C6-DC7FC7D7D3AC}.MinSizeRel|Win32.ActiveCfg = MinSizeRel|Win32
		{48136C39-B1EC-3A39-A9C6-DC7FC7D7D3AC}.MinSizeRel|Win32.Build.0 = MinSizeRel|Win32
		{48136C39-B1EC-3A39-A9C6-DC7FC7D7D3AC}.RelWithDebInfo|Win32.ActiveCfg = RelWithDebInfo|Win32
		{48136C39-B1EC-3A39-A9C6-DC7FC7D7D3AC}.RelWithDebInfo|Win32.Build.0 = RelWithDebInfo|Win32
		{20AC6F31-0477-3605-9AA6-B7A60CD82276}.Debug|Win32.ActiveCfg = Debug|Win32
		{20AC6F31-0477-3605-9AA6-B7A60CD82276}.Debug|Win32.Build.0 = Debug|Win32
		{20AC6F31-0477-3605-9AA6-B7A60CD82276}.Release|Win32.ActiveCfg = Release|Win32
		{20AC6F31-0477-3605-9AA6-B7A60CD82276}.Release|Win32.Build.0 = Release|Win32
		{20AC6F31-0477-3605-9AA6-B7A60CD82276}.MinSizeRel|Win32.ActiveCfg = MinSizeRel|Win32
		{20AC6F31-0477-3605-9AA6-B7A60CD82276}.MinSizeRel|Win32.Build.0 = MinSizeRel|Win32
		{20AC6F31-0477-3605-9AA6-B7A60CD82276}.RelWithDebInfo|Win32.ActiveCfg = RelWithDebInfo|Win32
		{20AC6F31-0477-3605-9AA6-B7A60CD82276}.RelWithDebInfo|Win32.Build.0 = RelWithDebInfo|Win32
		{6EDF6F12-5E7D-37AA-B849-24E9BD0C1D76}.Debug|Win32.ActiveCfg = Debug|Win32
		{6EDF6F12-5E7D-37AA-B849-24E9BD0C1D76}.Debug|Win32.Build.0 = Debug|Win32
		{6EDF6F12-5E7D-37AA-B849-24E9BD0C1D76}.Release|Win32.ActiveCfg = Release|Win32
		{6EDF6F12-5E7D-37AA-B849-24E9BD0C1D76}.Release|Win32.Build.0 = Release|Win32
		{6EDF6F12-5E7D-37AA-B849-24E9BD0C1D76}.MinSizeRel|Win32.ActiveCfg = MinSizeRel|Win32
		{6EDF6F12-5E7D-37AA-B849-24E9BD0C1D76}.MinSizeRel|Win32.Build.0 = MinSizeRel|Win32
		{6EDF6F12-5E7D-37AA-B849-24E9BD0C1D76}.RelWithDebInfo|Win32.ActiveCfg = RelWithDebInfo|Win32
		{6EDF6F12-5E7D-37AA-B849-24E9BD0C1D76}.RelWithDebInfo|Win32.Build.0 = RelWithDebInfo|Win32
		{5BDBE3BF-FA27-3880-A858-C5F0F9A57DBF}.Debug|Win32.ActiveCfg = Debug|Win32
		{5BDBE3BF-FA27-3880-A858-C5F0F9A57DBF}.Debug|Win32.Build.0 = Debug|Win32
		{5BDBE3BF-FA27-3880-A858-C5F0F9A57DBF}.Release|Win32.ActiveCfg = Release|Win32
		{5BDBE3BF-FA27-3880-A858-C5F0F9A57DBF}.Release|Win32.Build.0 = Release|Win32
		{5BDBE3BF-FA27-3880-A858-C5F0F9A57DBF}.MinSizeRel|Win32.ActiveCfg = MinSizeRel|Win32
		{5BDBE3BF-FA27-3880-A858-C5F0F9A57DBF}.MinSizeRel|Win32.Build.0 = MinSizeRel|Win32
		{5BDBE3BF-FA27-3880-A858-C5F0F9A57DBF}.RelWithDebInfo|Win32.ActiveCfg = RelWithDebInfo|Win32
		{5BDBE3BF-FA27-3880-A858-C5F0F9A57DBF}.RelWithDebInfo|Win32.Build.0 = RelWithDebInfo|Win32
		{158E1CE7-EF82-3F0B-AAD4-43A8390B6D52}.Debug|Win32.ActiveCfg = Debug|Win32
		{158E1CE7-EF82-3F0B-AAD4-43A8390B6D52}.Debug|Win32.Build.0 = Debug|Win32
		{158E1CE7-EF82-3F0B-AAD4-43A8390B6D52}.Release|Win32.ActiveCfg = Release|Win32
		{158E1CE7-EF82-3F0B-AAD4-43A8390B6D52}.Release|Win32.Build.0 = Release|Win32
		{158E1CE7-EF82-3F0B-AAD4-43A8390B6D52}.MinSizeRel|Win32.ActiveCfg = MinSizeRel|Win32
		{158E1CE7-EF82-3F0B-AAD4-43A8390B6D52}.MinSizeRel|Win32.Build.0 = MinSizeRel|Win32
		{158E1CE7-EF82-3F0B-AAD4-43A8390B6D52}.RelWithDebInfo|Win32.ActiveCfg = RelWithDebInfo|Win32
		{158E1CE7-EF82-3F0B-AAD4-43A8390B6D52}.RelWithDebInfo|Win32.Build.0 = RelWithDebInfo|Win32
		{88335373-8485-3767-A248-2B97F0508DE6}.Debug|Win32.ActiveCfg = Debug|Win32
		{88335373-8485-3767-A248-2B97F0508DE6}.Debug|Win32.Build.0 = Debug|Win32
		{88335373-8485-3767-A248-2B97F0508DE6}.Release|Win32.ActiveCfg = Release|Win32
		{88335373-8485-3767-A248-2B97F0508DE6}.Release|Win32.Build.0 = Release|Win32
		{88335373-8485-3767-A248-2B97F0508DE6}.MinSizeRel|Win32.ActiveCfg = MinSizeRel|Win32
		{88335373-8485-3767-A248-2B97F0508DE6}.MinSizeRel|Win32.Build.0 = MinSizeRel|Win32
		{88335373-8485-3767-A248-2B97F0508DE6}.RelWithDebInfo|Win32.ActiveCfg = RelWithDebInfo|Win32
		{88335373-8485-3767-A248-2B97F0508DE6}.RelWithDebInfo|Win32.Build.0 = RelWithDebInfo|Win32
		{0FC20DD3-585C-3E09-B636-87D22875D6D1}.Debug|Win32.ActiveCfg = Debug|Win32
		{0FC20DD3-585C-3E09-B636-87D22875D6D1}.Debug|Win32.Build.0 = Debug|Win32
		{0FC20DD3-585C-3E09-B636-87D22875D6D1}.Release|Win32.ActiveCfg = Release|Win32
		{0FC20DD3-585C-3E09-B636-87D22875D6D1}.Release|Win32.Build.0 = Release|Win32
		{0FC20DD3-585C-3E09-B636-87D22875D6D1}.MinSizeRel|Win32.ActiveCfg = MinSizeRel|Win32
		{0FC20DD3-585C-3E09-B636-87D22875D6D1}.MinSizeRel|Win32.Build.0 = MinSizeRel|Win32
		{0FC20DD3-585C-3E09-B636-87D22875D6D1}.RelWithDebInfo|Win32.ActiveCfg = RelWithDebInfo|Win32
		{0FC20DD3-585C-3E09-B636-87D22875D6D1}.RelWithDebInfo|Win32.Build.0 = RelWithDebInfo|Win32
		{53997478-E9DD-39FE-AD95-099EBC36FF98}.Debug|Win32.ActiveCfg = Debug|Win32
		{53997478-E9DD-39FE-AD95-099EBC36FF98}.Debug|Win32.Build.0 = Debug|Win32
		{53997478-E9DD-39FE-AD95-099EBC36FF98}.Release|Win32.ActiveCfg = Release|Win32
		{53997478-E9DD-39FE-AD95-099EBC36FF98}.Release|Win32.Build.0 = Release|Win32
		{53997478-E9DD-39FE-AD95-099EBC36FF98}.MinSizeRel|Win32.ActiveCfg = MinSizeRel|Win32
		{53997478-E9DD-39FE-AD95-099EBC36FF98}.MinSizeRel|Win32.Build.0 = MinSizeRel|Win32
		{53997478-E9DD-39FE-AD95-099EBC36FF98}.RelWithDebInfo|Win32.ActiveCfg = RelWithDebInfo|Win32
		{53997478-E9DD-39FE-AD95-099EBC36FF98}.RelWithDebInfo|Win32.Build.0 = RelWithDebInfo|Win32
		{FB6A5BF1-D775-3527-851A-B9B52512A1FD}.Debug|Win32.ActiveCfg = Debug|Win32
		{FB6A5BF1-D775-3527-851A-B9B52512A1FD}.Debug|Win32.Build.0 = Debug|Win32
		{FB6A5BF1-D775-3527-851A-B9B52512A1FD}.Release|Win32.ActiveCfg = Release|Win32
		{FB6A5BF1-D775-3527-851A-B9B52512A1FD}.Release|Win32.Build.0 = Release|Win32
		{FB6A5BF1-D775-3527-851A-B9B52512A1FD}.MinSizeRel|Win32.ActiveCfg = MinSizeRel|Win32
		{FB6A5BF1-D775-3527-851A-B9B52512A1FD}.MinSizeRel|Win32.Build.0 = MinSizeRel|Win32
		{FB6A5BF1-D775-3527-851A-B9B52512A1FD}.RelWithDebInfo|Win32.ActiveCfg = RelWithDebInfo|Win32
		{FB6A5BF1-D775-3527-851A-B9B52512A1FD}.RelWithDebInfo|Win32.Build.0 = RelWithDebInfo|Win32
		{3E4D9290-D0EF-334C-A95D-9719BFA44E4E}.Debug|Win32.ActiveCfg = Debug|Win32
		{3E4D9290-D0EF-334C-A95D-9719BFA44E4E}.Debug|Win32.Build.0 = Debug|Win32
		{3E4D9290-D0EF-334C-A95D-9719BFA44E4E}.Release|Win32.ActiveCfg = Release|Win32
		{3E4D9290-D0EF-334C-A95D-9719BFA44E4E}.Release|Win32.Build.0 = Release|Win32
		{3E4D9290-D0EF-334C-A95D-9719BFA44E4E}.MinSizeRel|Win32.ActiveCfg = MinSizeRel|Win32
		{3E4D9290-D0EF-334C-A95D-9719BFA44E4E}.MinSizeRel|Win32.Build.0 = MinSizeRel|Win32
		{3E4D9290-D0EF-334C-A95D-9719BFA44E4E}.RelWithDebInfo|Win32.ActiveCfg = RelWithDebInfo|Win32
		{3E4D9290-D0EF-334C-A95D-9719BFA44E4E}.RelWithDebInfo|Win32.Build.0 = RelWithDebInfo|Win32
		{1EBD97C4-6034-3A15-92D1-DB762357C97F}.Debug|Win32.ActiveCfg = Debug|Win32
		{1EBD97C4-6034-3A15-92D1-DB762357C97F}.Debug|Win32.Build.0 = Debug|Win32
		{1EBD97C4-6034-3A15-92D1-DB762357C97F}.Release|Win32.ActiveCfg = Release|Win32
		{1EBD97C4-6034-3A15-92D1-DB762357C97F}.Release|Win32.Build.0 = Release|Win32
		{1EBD97C4-6034-3A15-92D1-DB762357C97F}.MinSizeRel|Win32.ActiveCfg = MinSizeRel|Win32
		{1EBD97C4-6034-3A15-92D1-DB762357C97F}.MinSizeRel|Win32.Build.0 = MinSizeRel|Win32
		{1EBD97C4-6034-3A15-92D1-DB762357C97F}.RelWithDebInfo|Win32.ActiveCfg = RelWithDebInfo|Win32
		{1EBD97C4-6034-3A15-92D1-DB762357C97F}.RelWithDebInfo|Win32.Build.0 = RelWithDebInfo|Win32
		{59B21525-8CAE-367C-A782-2B3A13DBCACE}.Debug|Win32.ActiveCfg = Debug|Win32
		{59B21525-8CAE-367C-A782-2B3A13DBCACE}.Debug|Win32.Build.0 = Debug|Win32
		{59B21525-8CAE-367C-A782-2B3A13DBCACE}.Release|Win32.ActiveCfg = Release|Win32
		{59B21525-8CAE-367C-A782-2B3A13DBCACE}.Release|Win32.Build.0 = Release|Win32
		{59B21525-8CAE-367C-A782-2B3A13DBCACE}.MinSizeRel|Win32.ActiveCfg = MinSizeRel|Win32
		{59B21525-8CAE-367C-A782-2B3A13DBCACE}.MinSizeRel|Win32.Build.0 = MinSizeRel|Win32
		{59B21525-8CAE-367C-A782-2B3A13DBCACE}.RelWithDebInfo|Win32.ActiveCfg = RelWithDebInfo|Win32
		{59B21525-8CAE-367C-A782-2B3A13DBCACE}.RelWithDebInfo|Win32.Build.0 = RelWithDebInfo|Win32
		{0D6B214B-EE68-3C73-898D-9F2CE33E63FB}.Debug|Win32.ActiveCfg = Debug|Win32
		{0D6B214B-EE68-3C73-898D-9F2CE33E63FB}.Debug|Win32.Build.0 = Debug|Win32
		{0D6B214B-EE68-3C73-898D-9F2CE33E63FB}.Release|Win32.ActiveCfg = Release|Win32
		{0D6B214B-EE68-3C73-898D-9F2CE33E63FB}.Release|Win32.Build.0 = Release|Win32
		{0D6B214B-EE68-3C73-898D-9F2CE33E63FB}.MinSizeRel|Win32.ActiveCfg = MinSizeRel|Win32
		{0D6B214B-EE68-3C73-898D-9F2CE33E63FB}.MinSizeRel|Win32.Build.0 = MinSizeRel|Win32
		{0D6B214B-EE68-3C73-898D-9F2CE33E63FB}.RelWithDebInfo|Win32.ActiveCfg = RelWithDebInfo|Win32
		{0D6B214B-EE68-3C73-898D-9F2CE33E63FB}.RelWithDebInfo|Win32.Build.0 = RelWithDebInfo|Win32
		{EE449AD9-D1D8-3ADA-9928-CF5603EA111F}.Debug|Win32.ActiveCfg = Debug|Win32
		{EE449AD9-D1D8-3ADA-9928-CF5603EA111F}.Debug|Win32.Build.0 = Debug|Win32
		{EE449AD9-D1D8-3ADA-9928-CF5603EA111F}.Release|Win32.ActiveCfg = Release|Win32
		{EE449AD9-D1D8-3ADA-9928-CF5603EA111F}.Release|Win32.Build.0 = Release|Win32
		{EE449AD9-D1D8-3ADA-9928-CF5603EA111F}.MinSizeRel|Win32.ActiveCfg = MinSizeRel|Win32
		{EE449AD9-D1D8-3ADA-9928-CF5603EA111F}.MinSizeRel|Win32.Build.0 = MinSizeRel|Win32
		{EE449AD9-D1D8-3ADA-9928-CF5603EA111F}.RelWithDebInfo|Win32.ActiveCfg = RelWithDebInfo|Win32
		{EE449AD9-D1D8-3ADA-9928-CF5603EA111F}.RelWithDebInfo|Win32.Build.0 = RelWithDebInfo|Win32
		{88666468-6AE3-3CFE-A4B4-19887BAB00F9}.Debug|Win32.ActiveCfg = Debug|Win32
		{88666468-6AE3-3CFE-A4B4-19887BAB00F9}.Debug|Win32.Build.0 = Debug|Win32
		{88666468-6AE3-3CFE-A4B4-19887BAB00F9}.Release|Win32.ActiveCfg = Release|Win32
		{88666468-6AE3-3CFE-A4B4-19887BAB00F9}.Release|Win32.Build.0 = Release|Win32
		{88666468-6AE3-3CFE-A4B4-19887BAB00F9}.MinSizeRel|Win32.ActiveCfg = MinSizeRel|Win32
		{88666468-6AE3-3CFE-A4B4-19887BAB00F9}.MinSizeRel|Win32.Build.0 = MinSizeRel|Win32
		{88666468-6AE3-3CFE-A4B4-19887BAB00F9}.RelWithDebInfo|Win32.ActiveCfg = RelWithDebInfo|Win32
		{88666468-6AE3-3CFE-A4B4-19887BAB00F9}.RelWithDebInfo|Win32.Build.0 = RelWithDebInfo|Win32
	EndGlobalSection
	GlobalSection(NestedProjects) = preSolution
		{F7AAD879-1FAF-3BE3-8D5F-0D9CCEB9E6D0} = {ECA7D100-8733-3839-8571-9F5F4083BE4E}
		{20AC6F31-0477-3605-9AA6-B7A60CD82276} = {ECA7D100-8733-3839-8571-9F5F4083BE4E}
		{158E1CE7-EF82-3F0B-AAD4-43A8390B6D52} = {A223723D-669C-30F1-8993-F47C422083EF}
		{88335373-8485-3767-A248-2B97F0508DE6} = {A223723D-669C-30F1-8993-F47C422083EF}
		{0FC20DD3-585C-3E09-B636-87D22875D6D1} = {A223723D-669C-30F1-8993-F47C422083EF}
		{53997478-E9DD-39FE-AD95-099EBC36FF98} = {A223723D-669C-30F1-8993-F47C422083EF}
		{FB6A5BF1-D775-3527-851A-B9B52512A1FD} = {A223723D-669C-30F1-8993-F47C422083EF}
		{3E4D9290-D0EF-334C-A95D-9719BFA44E4E} = {A223723D-669C-30F1-8993-F47C422083EF}
		{1EBD97C4-6034-3A15-92D1-DB762357C97F} = {A223723D-669C-30F1-8993-F47C422083EF}
		{59B21525-8CAE-367C-A782-2B3A13DBCACE} = {A223723D-669C-30F1-8993-F47C422083EF}
		{0D6B214B-EE68-3C73-898D-9F2CE33E63FB} = {A223723D-669C-30F1-8993-F47C422083EF}
		{EE449AD9-D1D8-3ADA-9928-CF5603EA111F} = {A223723D-669C-30F1-8993-F47C422083EF}
		{88666468-6AE3-3CFE-A4B4-19887BAB00F9} = {A223723D-669C-30F1-8993-F47C422083EF}
		{6EDF6F12-5E7D-37AA-B849-24E9BD0C1D76} = {563B3F38-9CBD-33DF-9920-7AB9175188CA}
		{48136C39-B1EC-3A39-A9C6-DC7FC7D7D3AC} = {A9067E4D-8EB6-35BF-A74F-69802C08B2E8}
	EndGlobalSection
	GlobalSection(ExtensibilityGlobals) = postSolution
		SolutionGuid = {6E35524C-4DD9-365F-848A-2CA8B6BC637E}
	EndGlobalSection
	GlobalSection(ExtensibilityAddIns) = postSolution
	EndGlobalSection
EndGlobal
